
Microsoft Visual Studio Solution File, Format Version 12.00
# Visual Studio Version 16
VisualStudioVersion = 16.0.29123.88
MinimumVisualStudioVersion = 10.0.40219.1
Project("{FAE04EC0-301F-11D3-BF4B-00C04F79EFBC}") = "MoshPrep", "MoshPrep\MoshPrep.csproj", "{7CE4BE5F-B1DF-4102-87EA-1157CB84B12E}"
EndProject
Global
	GlobalSection(SolutionConfigurationPlatforms) = preSolution
		Debug|Any CPU = Debug|Any CPU
		Release|Any CPU = Release|Any CPU
	EndGlobalSection
	GlobalSection(ProjectConfigurationPlatforms) = postSolution
		{7CE4BE5F-B1DF-4102-87EA-1157CB84B12E}.Debug|Any CPU.ActiveCfg = Debug|Any CPU
		{7CE4BE5F-B1DF-4102-87EA-1157CB84B12E}.Debug|Any CPU.Build.0 = Debug|Any CPU
		{7CE4BE5F-B1DF-4102-87EA-1157CB84B12E}.Release|Any CPU.ActiveCfg = Release|Any CPU
		{7CE4BE5F-B1DF-4102-87EA-1157CB84B12E}.Release|Any CPU.Build.0 = Release|Any CPU
	EndGlobalSection
	GlobalSection(SolutionProperties) = preSolution
		HideSolutionNode = FALSE
	EndGlobalSection
	GlobalSection(ExtensibilityGlobals) = postSolution
		SolutionGuid = {B3B3DE49-A098-4485-95BE-4A691693EA42}
	EndGlobalSection
EndGlobal
